
Microsoft Visual Studio Solution File, Format Version 12.00
# Visual Studio Version 17
VisualStudioVersion = 17.0.31919.166
MinimumVisualStudioVersion = 10.0.40219.1
Project("{9A19103F-16F7-4668-BE54-9A1E7A4F7556}") = "MainModel", "Models\MainModel\MainModel.csproj", "{4DE94F1B-9223-4A05-9065-D85B6D2F9204}"
EndProject
Project("{9A19103F-16F7-4668-BE54-9A1E7A4F7556}") = "TurkovaCalculation", "Turkova\CalculationModule\TurkovaCalculation\TurkovaCalculation.csproj", "{65302CCF-9DC1-4015-85FB-F0F4D5EAABDB}"
EndProject
Project("{9A19103F-16F7-4668-BE54-9A1E7A4F7556}") = "IvkinaCalculation", "Ivkina\CalculationModule\IvkinaCalculation\IvkinaCalculation.csproj", "{0ECE9D01-4436-4F6D-A1CE-8DA06777B490}"
EndProject
Project("{2150E333-8FDC-42A3-9474-1A3956D46DE8}") = "Turkova", "Turkova", "{AD6E0D39-1E25-40D0-AC88-D76A08C74C27}"
EndProject
Project("{2150E333-8FDC-42A3-9474-1A3956D46DE8}") = "Ivkina", "Ivkina", "{926E6CB8-2052-4D28-9D45-9E9D57A8B7B0}"
EndProject
Project("{9A19103F-16F7-4668-BE54-9A1E7A4F7556}") = "ViewModelBase", "ViewModels\ViewModelBase\ViewModelBase.csproj", "{770CF899-3F0B-49FE-BAC8-364774B54C42}"
EndProject
Project("{FAE04EC0-301F-11D3-BF4B-00C04F79EFBC}") = "TurkovaMap", "Turkova\Views\TurkovaMap\TurkovaMap.csproj", "{6CDC1233-77E4-43B8-8C18-9FBA9417BB08}"
EndProject
Project("{FAE04EC0-301F-11D3-BF4B-00C04F79EFBC}") = "IvkinaMap", "Ivkina\Views\IvkinaMap\IvkinaMap.csproj", "{CAC58746-2ADD-4067-9FFC-46139112DCF4}"
EndProject
Project("{9A19103F-16F7-4668-BE54-9A1E7A4F7556}") = "ViewModels", "ViewModels\ViewModels\ViewModels.csproj", "{603F279F-4FF7-4079-ABF7-36A90C6EB0B1}"
EndProject
Project("{FAE04EC0-301F-11D3-BF4B-00C04F79EFBC}") = "MainModelTests", "Models\MainModelTests\MainModelTests.csproj", "{CE84AEA5-2514-47A4-994A-448A7E4245CA}"
EndProject
Global
	GlobalSection(SolutionConfigurationPlatforms) = preSolution
		Debug|Any CPU = Debug|Any CPU
		Debug|ARM = Debug|ARM
		Debug|ARM64 = Debug|ARM64
		Debug|x64 = Debug|x64
		Debug|x86 = Debug|x86
		Release|Any CPU = Release|Any CPU
		Release|ARM = Release|ARM
		Release|ARM64 = Release|ARM64
		Release|x64 = Release|x64
		Release|x86 = Release|x86
	EndGlobalSection
	GlobalSection(ProjectConfigurationPlatforms) = postSolution
		{4DE94F1B-9223-4A05-9065-D85B6D2F9204}.Debug|Any CPU.ActiveCfg = Debug|Any CPU
		{4DE94F1B-9223-4A05-9065-D85B6D2F9204}.Debug|Any CPU.Build.0 = Debug|Any CPU
		{4DE94F1B-9223-4A05-9065-D85B6D2F9204}.Debug|ARM.ActiveCfg = Debug|Any CPU
		{4DE94F1B-9223-4A05-9065-D85B6D2F9204}.Debug|ARM.Build.0 = Debug|Any CPU
		{4DE94F1B-9223-4A05-9065-D85B6D2F9204}.Debug|ARM64.ActiveCfg = Debug|Any CPU
		{4DE94F1B-9223-4A05-9065-D85B6D2F9204}.Debug|ARM64.Build.0 = Debug|Any CPU
		{4DE94F1B-9223-4A05-9065-D85B6D2F9204}.Debug|x64.ActiveCfg = Debug|Any CPU
		{4DE94F1B-9223-4A05-9065-D85B6D2F9204}.Debug|x64.Build.0 = Debug|Any CPU
		{4DE94F1B-9223-4A05-9065-D85B6D2F9204}.Debug|x86.ActiveCfg = Debug|Any CPU
		{4DE94F1B-9223-4A05-9065-D85B6D2F9204}.Debug|x86.Build.0 = Debug|Any CPU
		{4DE94F1B-9223-4A05-9065-D85B6D2F9204}.Release|Any CPU.ActiveCfg = Release|Any CPU
		{4DE94F1B-9223-4A05-9065-D85B6D2F9204}.Release|Any CPU.Build.0 = Release|Any CPU
		{4DE94F1B-9223-4A05-9065-D85B6D2F9204}.Release|ARM.ActiveCfg = Release|Any CPU
		{4DE94F1B-9223-4A05-9065-D85B6D2F9204}.Release|ARM.Build.0 = Release|Any CPU
		{4DE94F1B-9223-4A05-9065-D85B6D2F9204}.Release|ARM64.ActiveCfg = Release|Any CPU
		{4DE94F1B-9223-4A05-9065-D85B6D2F9204}.Release|ARM64.Build.0 = Release|Any CPU
		{4DE94F1B-9223-4A05-9065-D85B6D2F9204}.Release|x64.ActiveCfg = Release|Any CPU
		{4DE94F1B-9223-4A05-9065-D85B6D2F9204}.Release|x64.Build.0 = Release|Any CPU
		{4DE94F1B-9223-4A05-9065-D85B6D2F9204}.Release|x86.ActiveCfg = Release|Any CPU
		{4DE94F1B-9223-4A05-9065-D85B6D2F9204}.Release|x86.Build.0 = Release|Any CPU
		{65302CCF-9DC1-4015-85FB-F0F4D5EAABDB}.Debug|Any CPU.ActiveCfg = Debug|Any CPU
		{65302CCF-9DC1-4015-85FB-F0F4D5EAABDB}.Debug|Any CPU.Build.0 = Debug|Any CPU
		{65302CCF-9DC1-4015-85FB-F0F4D5EAABDB}.Debug|ARM.ActiveCfg = Debug|Any CPU
		{65302CCF-9DC1-4015-85FB-F0F4D5EAABDB}.Debug|ARM.Build.0 = Debug|Any CPU
		{65302CCF-9DC1-4015-85FB-F0F4D5EAABDB}.Debug|ARM64.ActiveCfg = Debug|Any CPU
		{65302CCF-9DC1-4015-85FB-F0F4D5EAABDB}.Debug|ARM64.Build.0 = Debug|Any CPU
		{65302CCF-9DC1-4015-85FB-F0F4D5EAABDB}.Debug|x64.ActiveCfg = Debug|Any CPU
		{65302CCF-9DC1-4015-85FB-F0F4D5EAABDB}.Debug|x64.Build.0 = Debug|Any CPU
		{65302CCF-9DC1-4015-85FB-F0F4D5EAABDB}.Debug|x86.ActiveCfg = Debug|Any CPU
		{65302CCF-9DC1-4015-85FB-F0F4D5EAABDB}.Debug|x86.Build.0 = Debug|Any CPU
		{65302CCF-9DC1-4015-85FB-F0F4D5EAABDB}.Release|Any CPU.ActiveCfg = Release|Any CPU
		{65302CCF-9DC1-4015-85FB-F0F4D5EAABDB}.Release|Any CPU.Build.0 = Release|Any CPU
		{65302CCF-9DC1-4015-85FB-F0F4D5EAABDB}.Release|ARM.ActiveCfg = Release|Any CPU
		{65302CCF-9DC1-4015-85FB-F0F4D5EAABDB}.Release|ARM.Build.0 = Release|Any CPU
		{65302CCF-9DC1-4015-85FB-F0F4D5EAABDB}.Release|ARM64.ActiveCfg = Release|Any CPU
		{65302CCF-9DC1-4015-85FB-F0F4D5EAABDB}.Release|ARM64.Build.0 = Release|Any CPU
		{65302CCF-9DC1-4015-85FB-F0F4D5EAABDB}.Release|x64.ActiveCfg = Release|Any CPU
		{65302CCF-9DC1-4015-85FB-F0F4D5EAABDB}.Release|x64.Build.0 = Release|Any CPU
		{65302CCF-9DC1-4015-85FB-F0F4D5EAABDB}.Release|x86.ActiveCfg = Release|Any CPU
		{65302CCF-9DC1-4015-85FB-F0F4D5EAABDB}.Release|x86.Build.0 = Release|Any CPU
		{0ECE9D01-4436-4F6D-A1CE-8DA06777B490}.Debug|Any CPU.ActiveCfg = Debug|Any CPU
		{0ECE9D01-4436-4F6D-A1CE-8DA06777B490}.Debug|Any CPU.Build.0 = Debug|Any CPU
		{0ECE9D01-4436-4F6D-A1CE-8DA06777B490}.Debug|ARM.ActiveCfg = Debug|Any CPU
		{0ECE9D01-4436-4F6D-A1CE-8DA06777B490}.Debug|ARM.Build.0 = Debug|Any CPU
		{0ECE9D01-4436-4F6D-A1CE-8DA06777B490}.Debug|ARM64.ActiveCfg = Debug|Any CPU
		{0ECE9D01-4436-4F6D-A1CE-8DA06777B490}.Debug|ARM64.Build.0 = Debug|Any CPU
		{0ECE9D01-4436-4F6D-A1CE-8DA06777B490}.Debug|x64.ActiveCfg = Debug|Any CPU
		{0ECE9D01-4436-4F6D-A1CE-8DA06777B490}.Debug|x64.Build.0 = Debug|Any CPU
		{0ECE9D01-4436-4F6D-A1CE-8DA06777B490}.Debug|x86.ActiveCfg = Debug|Any CPU
		{0ECE9D01-4436-4F6D-A1CE-8DA06777B490}.Debug|x86.Build.0 = Debug|Any CPU
		{0ECE9D01-4436-4F6D-A1CE-8DA06777B490}.Release|Any CPU.ActiveCfg = Release|Any CPU
		{0ECE9D01-4436-4F6D-A1CE-8DA06777B490}.Release|Any CPU.Build.0 = Release|Any CPU
		{0ECE9D01-4436-4F6D-A1CE-8DA06777B490}.Release|ARM.ActiveCfg = Release|Any CPU
		{0ECE9D01-4436-4F6D-A1CE-8DA06777B490}.Release|ARM.Build.0 = Release|Any CPU
		{0ECE9D01-4436-4F6D-A1CE-8DA06777B490}.Release|ARM64.ActiveCfg = Release|Any CPU
		{0ECE9D01-4436-4F6D-A1CE-8DA06777B490}.Release|ARM64.Build.0 = Release|Any CPU
		{0ECE9D01-4436-4F6D-A1CE-8DA06777B490}.Release|x64.ActiveCfg = Release|Any CPU
		{0ECE9D01-4436-4F6D-A1CE-8DA06777B490}.Release|x64.Build.0 = Release|Any CPU
		{0ECE9D01-4436-4F6D-A1CE-8DA06777B490}.Release|x86.ActiveCfg = Release|Any CPU
		{0ECE9D01-4436-4F6D-A1CE-8DA06777B490}.Release|x86.Build.0 = Release|Any CPU
		{770CF899-3F0B-49FE-BAC8-364774B54C42}.Debug|Any CPU.ActiveCfg = Debug|Any CPU
		{770CF899-3F0B-49FE-BAC8-364774B54C42}.Debug|Any CPU.Build.0 = Debug|Any CPU
		{770CF899-3F0B-49FE-BAC8-364774B54C42}.Debug|ARM.ActiveCfg = Debug|Any CPU
		{770CF899-3F0B-49FE-BAC8-364774B54C42}.Debug|ARM.Build.0 = Debug|Any CPU
		{770CF899-3F0B-49FE-BAC8-364774B54C42}.Debug|ARM64.ActiveCfg = Debug|Any CPU
		{770CF899-3F0B-49FE-BAC8-364774B54C42}.Debug|ARM64.Build.0 = Debug|Any CPU
		{770CF899-3F0B-49FE-BAC8-364774B54C42}.Debug|x64.ActiveCfg = Debug|Any CPU
		{770CF899-3F0B-49FE-BAC8-364774B54C42}.Debug|x64.Build.0 = Debug|Any CPU
		{770CF899-3F0B-49FE-BAC8-364774B54C42}.Debug|x86.ActiveCfg = Debug|Any CPU
		{770CF899-3F0B-49FE-BAC8-364774B54C42}.Debug|x86.Build.0 = Debug|Any CPU
		{770CF899-3F0B-49FE-BAC8-364774B54C42}.Release|Any CPU.ActiveCfg = Release|Any CPU
		{770CF899-3F0B-49FE-BAC8-364774B54C42}.Release|Any CPU.Build.0 = Release|Any CPU
		{770CF899-3F0B-49FE-BAC8-364774B54C42}.Release|ARM.ActiveCfg = Release|Any CPU
		{770CF899-3F0B-49FE-BAC8-364774B54C42}.Release|ARM.Build.0 = Release|Any CPU
		{770CF899-3F0B-49FE-BAC8-364774B54C42}.Release|ARM64.ActiveCfg = Release|Any CPU
		{770CF899-3F0B-49FE-BAC8-364774B54C42}.Release|ARM64.Build.0 = Release|Any CPU
		{770CF899-3F0B-49FE-BAC8-364774B54C42}.Release|x64.ActiveCfg = Release|Any CPU
		{770CF899-3F0B-49FE-BAC8-364774B54C42}.Release|x64.Build.0 = Release|Any CPU
		{770CF899-3F0B-49FE-BAC8-364774B54C42}.Release|x86.ActiveCfg = Release|Any CPU
		{770CF899-3F0B-49FE-BAC8-364774B54C42}.Release|x86.Build.0 = Release|Any CPU
		{6CDC1233-77E4-43B8-8C18-9FBA9417BB08}.Debug|Any CPU.ActiveCfg = Debug|x64
		{6CDC1233-77E4-43B8-8C18-9FBA9417BB08}.Debug|Any CPU.Build.0 = Debug|x64
		{6CDC1233-77E4-43B8-8C18-9FBA9417BB08}.Debug|Any CPU.Deploy.0 = Debug|x64
		{6CDC1233-77E4-43B8-8C18-9FBA9417BB08}.Debug|ARM.ActiveCfg = Debug|ARM
		{6CDC1233-77E4-43B8-8C18-9FBA9417BB08}.Debug|ARM.Build.0 = Debug|ARM
		{6CDC1233-77E4-43B8-8C18-9FBA9417BB08}.Debug|ARM.Deploy.0 = Debug|ARM
		{6CDC1233-77E4-43B8-8C18-9FBA9417BB08}.Debug|ARM64.ActiveCfg = Debug|ARM64
		{6CDC1233-77E4-43B8-8C18-9FBA9417BB08}.Debug|ARM64.Build.0 = Debug|ARM64
		{6CDC1233-77E4-43B8-8C18-9FBA9417BB08}.Debug|ARM64.Deploy.0 = Debug|ARM64
		{6CDC1233-77E4-43B8-8C18-9FBA9417BB08}.Debug|x64.ActiveCfg = Debug|x64
		{6CDC1233-77E4-43B8-8C18-9FBA9417BB08}.Debug|x64.Build.0 = Debug|x64
		{6CDC1233-77E4-43B8-8C18-9FBA9417BB08}.Debug|x64.Deploy.0 = Debug|x64
		{6CDC1233-77E4-43B8-8C18-9FBA9417BB08}.Debug|x86.ActiveCfg = Debug|x86
		{6CDC1233-77E4-43B8-8C18-9FBA9417BB08}.Debug|x86.Build.0 = Debug|x86
		{6CDC1233-77E4-43B8-8C18-9FBA9417BB08}.Debug|x86.Deploy.0 = Debug|x86
		{6CDC1233-77E4-43B8-8C18-9FBA9417BB08}.Release|Any CPU.ActiveCfg = Release|x64
		{6CDC1233-77E4-43B8-8C18-9FBA9417BB08}.Release|Any CPU.Build.0 = Release|x64
		{6CDC1233-77E4-43B8-8C18-9FBA9417BB08}.Release|Any CPU.Deploy.0 = Release|x64
		{6CDC1233-77E4-43B8-8C18-9FBA9417BB08}.Release|ARM.ActiveCfg = Release|ARM
		{6CDC1233-77E4-43B8-8C18-9FBA9417BB08}.Release|ARM.Build.0 = Release|ARM
		{6CDC1233-77E4-43B8-8C18-9FBA9417BB08}.Release|ARM.Deploy.0 = Release|ARM
		{6CDC1233-77E4-43B8-8C18-9FBA9417BB08}.Release|ARM64.ActiveCfg = Release|ARM64
		{6CDC1233-77E4-43B8-8C18-9FBA9417BB08}.Release|ARM64.Build.0 = Release|ARM64
		{6CDC1233-77E4-43B8-8C18-9FBA9417BB08}.Release|ARM64.Deploy.0 = Release|ARM64
		{6CDC1233-77E4-43B8-8C18-9FBA9417BB08}.Release|x64.ActiveCfg = Release|x64
		{6CDC1233-77E4-43B8-8C18-9FBA9417BB08}.Release|x64.Build.0 = Release|x64
		{6CDC1233-77E4-43B8-8C18-9FBA9417BB08}.Release|x64.Deploy.0 = Release|x64
		{6CDC1233-77E4-43B8-8C18-9FBA9417BB08}.Release|x86.ActiveCfg = Release|x86
		{6CDC1233-77E4-43B8-8C18-9FBA9417BB08}.Release|x86.Build.0 = Release|x86
		{6CDC1233-77E4-43B8-8C18-9FBA9417BB08}.Release|x86.Deploy.0 = Release|x86
		{CAC58746-2ADD-4067-9FFC-46139112DCF4}.Debug|Any CPU.ActiveCfg = Debug|x64
		{CAC58746-2ADD-4067-9FFC-46139112DCF4}.Debug|Any CPU.Build.0 = Debug|x64
		{CAC58746-2ADD-4067-9FFC-46139112DCF4}.Debug|Any CPU.Deploy.0 = Debug|x64
		{CAC58746-2ADD-4067-9FFC-46139112DCF4}.Debug|ARM.ActiveCfg = Debug|ARM
		{CAC58746-2ADD-4067-9FFC-46139112DCF4}.Debug|ARM.Build.0 = Debug|ARM
		{CAC58746-2ADD-4067-9FFC-46139112DCF4}.Debug|ARM.Deploy.0 = Debug|ARM
		{CAC58746-2ADD-4067-9FFC-46139112DCF4}.Debug|ARM64.ActiveCfg = Debug|ARM64
		{CAC58746-2ADD-4067-9FFC-46139112DCF4}.Debug|ARM64.Build.0 = Debug|ARM64
		{CAC58746-2ADD-4067-9FFC-46139112DCF4}.Debug|ARM64.Deploy.0 = Debug|ARM64
		{CAC58746-2ADD-4067-9FFC-46139112DCF4}.Debug|x64.ActiveCfg = Debug|x64
		{CAC58746-2ADD-4067-9FFC-46139112DCF4}.Debug|x64.Build.0 = Debug|x64
		{CAC58746-2ADD-4067-9FFC-46139112DCF4}.Debug|x64.Deploy.0 = Debug|x64
		{CAC58746-2ADD-4067-9FFC-46139112DCF4}.Debug|x86.ActiveCfg = Debug|x86
		{CAC58746-2ADD-4067-9FFC-46139112DCF4}.Debug|x86.Build.0 = Debug|x86
		{CAC58746-2ADD-4067-9FFC-46139112DCF4}.Debug|x86.Deploy.0 = Debug|x86
		{CAC58746-2ADD-4067-9FFC-46139112DCF4}.Release|Any CPU.ActiveCfg = Release|x64
		{CAC58746-2ADD-4067-9FFC-46139112DCF4}.Release|Any CPU.Build.0 = Release|x64
		{CAC58746-2ADD-4067-9FFC-46139112DCF4}.Release|Any CPU.Deploy.0 = Release|x64
		{CAC58746-2ADD-4067-9FFC-46139112DCF4}.Release|ARM.ActiveCfg = Release|ARM
		{CAC58746-2ADD-4067-9FFC-46139112DCF4}.Release|ARM.Build.0 = Release|ARM
		{CAC58746-2ADD-4067-9FFC-46139112DCF4}.Release|ARM.Deploy.0 = Release|ARM
		{CAC58746-2ADD-4067-9FFC-46139112DCF4}.Release|ARM64.ActiveCfg = Release|ARM64
		{CAC58746-2ADD-4067-9FFC-46139112DCF4}.Release|ARM64.Build.0 = Release|ARM64
		{CAC58746-2ADD-4067-9FFC-46139112DCF4}.Release|ARM64.Deploy.0 = Release|ARM64
		{CAC58746-2ADD-4067-9FFC-46139112DCF4}.Release|x64.ActiveCfg = Release|x64
		{CAC58746-2ADD-4067-9FFC-46139112DCF4}.Release|x64.Build.0 = Release|x64
		{CAC58746-2ADD-4067-9FFC-46139112DCF4}.Release|x64.Deploy.0 = Release|x64
		{CAC58746-2ADD-4067-9FFC-46139112DCF4}.Release|x86.ActiveCfg = Release|x86
		{CAC58746-2ADD-4067-9FFC-46139112DCF4}.Release|x86.Build.0 = Release|x86
		{CAC58746-2ADD-4067-9FFC-46139112DCF4}.Release|x86.Deploy.0 = Release|x86
		{603F279F-4FF7-4079-ABF7-36A90C6EB0B1}.Debug|Any CPU.ActiveCfg = Debug|Any CPU
		{603F279F-4FF7-4079-ABF7-36A90C6EB0B1}.Debug|Any CPU.Build.0 = Debug|Any CPU
		{603F279F-4FF7-4079-ABF7-36A90C6EB0B1}.Debug|ARM.ActiveCfg = Debug|Any CPU
		{603F279F-4FF7-4079-ABF7-36A90C6EB0B1}.Debug|ARM.Build.0 = Debug|Any CPU
		{603F279F-4FF7-4079-ABF7-36A90C6EB0B1}.Debug|ARM64.ActiveCfg = Debug|Any CPU
		{603F279F-4FF7-4079-ABF7-36A90C6EB0B1}.Debug|ARM64.Build.0 = Debug|Any CPU
		{603F279F-4FF7-4079-ABF7-36A90C6EB0B1}.Debug|x64.ActiveCfg = Debug|Any CPU
		{603F279F-4FF7-4079-ABF7-36A90C6EB0B1}.Debug|x64.Build.0 = Debug|Any CPU
		{603F279F-4FF7-4079-ABF7-36A90C6EB0B1}.Debug|x86.ActiveCfg = Debug|Any CPU
		{603F279F-4FF7-4079-ABF7-36A90C6EB0B1}.Debug|x86.Build.0 = Debug|Any CPU
		{603F279F-4FF7-4079-ABF7-36A90C6EB0B1}.Release|Any CPU.ActiveCfg = Release|Any CPU
		{603F279F-4FF7-4079-ABF7-36A90C6EB0B1}.Release|Any CPU.Build.0 = Release|Any CPU
		{603F279F-4FF7-4079-ABF7-36A90C6EB0B1}.Release|ARM.ActiveCfg = Release|Any CPU
		{603F279F-4FF7-4079-ABF7-36A90C6EB0B1}.Release|ARM.Build.0 = Release|Any CPU
		{603F279F-4FF7-4079-ABF7-36A90C6EB0B1}.Release|ARM64.ActiveCfg = Release|Any CPU
		{603F279F-4FF7-4079-ABF7-36A90C6EB0B1}.Release|ARM64.Build.0 = Release|Any CPU
		{603F279F-4FF7-4079-ABF7-36A90C6EB0B1}.Release|x64.ActiveCfg = Release|Any CPU
		{603F279F-4FF7-4079-ABF7-36A90C6EB0B1}.Release|x64.Build.0 = Release|Any CPU
		{603F279F-4FF7-4079-ABF7-36A90C6EB0B1}.Release|x86.ActiveCfg = Release|Any CPU
		{603F279F-4FF7-4079-ABF7-36A90C6EB0B1}.Release|x86.Build.0 = Release|Any CPU
		{CE84AEA5-2514-47A4-994A-448A7E4245CA}.Debug|Any CPU.ActiveCfg = Debug|Any CPU
		{CE84AEA5-2514-47A4-994A-448A7E4245CA}.Debug|Any CPU.Build.0 = Debug|Any CPU
		{CE84AEA5-2514-47A4-994A-448A7E4245CA}.Debug|ARM.ActiveCfg = Debug|Any CPU
		{CE84AEA5-2514-47A4-994A-448A7E4245CA}.Debug|ARM.Build.0 = Debug|Any CPU
		{CE84AEA5-2514-47A4-994A-448A7E4245CA}.Debug|ARM64.ActiveCfg = Debug|Any CPU
		{CE84AEA5-2514-47A4-994A-448A7E4245CA}.Debug|ARM64.Build.0 = Debug|Any CPU
		{CE84AEA5-2514-47A4-994A-448A7E4245CA}.Debug|x64.ActiveCfg = Debug|Any CPU
		{CE84AEA5-2514-47A4-994A-448A7E4245CA}.Debug|x64.Build.0 = Debug|Any CPU
		{CE84AEA5-2514-47A4-994A-448A7E4245CA}.Debug|x86.ActiveCfg = Debug|Any CPU
		{CE84AEA5-2514-47A4-994A-448A7E4245CA}.Debug|x86.Build.0 = Debug|Any CPU
		{CE84AEA5-2514-47A4-994A-448A7E4245CA}.Release|Any CPU.ActiveCfg = Release|Any CPU
		{CE84AEA5-2514-47A4-994A-448A7E4245CA}.Release|Any CPU.Build.0 = Release|Any CPU
		{CE84AEA5-2514-47A4-994A-448A7E4245CA}.Release|ARM.ActiveCfg = Release|Any CPU
		{CE84AEA5-2514-47A4-994A-448A7E4245CA}.Release|ARM.Build.0 = Release|Any CPU
		{CE84AEA5-2514-47A4-994A-448A7E4245CA}.Release|ARM64.ActiveCfg = Release|Any CPU
		{CE84AEA5-2514-47A4-994A-448A7E4245CA}.Release|ARM64.Build.0 = Release|Any CPU
		{CE84AEA5-2514-47A4-994A-448A7E4245CA}.Release|x64.ActiveCfg = Release|Any CPU
		{CE84AEA5-2514-47A4-994A-448A7E4245CA}.Release|x64.Build.0 = Release|Any CPU
		{CE84AEA5-2514-47A4-994A-448A7E4245CA}.Release|x86.ActiveCfg = Release|Any CPU
		{CE84AEA5-2514-47A4-994A-448A7E4245CA}.Release|x86.Build.0 = Release|Any CPU
	EndGlobalSection
	GlobalSection(SolutionProperties) = preSolution
		HideSolutionNode = FALSE
	EndGlobalSection
	GlobalSection(NestedProjects) = preSolution
		{65302CCF-9DC1-4015-85FB-F0F4D5EAABDB} = {AD6E0D39-1E25-40D0-AC88-D76A08C74C27}
		{0ECE9D01-4436-4F6D-A1CE-8DA06777B490} = {926E6CB8-2052-4D28-9D45-9E9D57A8B7B0}
		{6CDC1233-77E4-43B8-8C18-9FBA9417BB08} = {AD6E0D39-1E25-40D0-AC88-D76A08C74C27}
		{CAC58746-2ADD-4067-9FFC-46139112DCF4} = {926E6CB8-2052-4D28-9D45-9E9D57A8B7B0}
	EndGlobalSection
	GlobalSection(ExtensibilityGlobals) = postSolution
		SolutionGuid = {8102318B-5854-4CA3-90C6-86762C9FF00D}
	EndGlobalSection
EndGlobal
