
Microsoft Visual Studio Solution File, Format Version 12.00
# Visual Studio Version 17
VisualStudioVersion = 17.0.31919.166
MinimumVisualStudioVersion = 10.0.40219.1
Project("{9A19103F-16F7-4668-BE54-9A1E7A4F7556}") = "MainModel", "Models\MainModel\MainModel.csproj", "{4DE94F1B-9223-4A05-9065-D85B6D2F9204}"
EndProject
Project("{9A19103F-16F7-4668-BE54-9A1E7A4F7556}") = "IvkinaCalculation", "Ivkina\CalculationModule\IvkinaCalculation\IvkinaCalculation.csproj", "{0ECE9D01-4436-4F6D-A1CE-8DA06777B490}"
EndProject
Project("{2150E333-8FDC-42A3-9474-1A3956D46DE8}") = "Ivkina", "Ivkina", "{926E6CB8-2052-4D28-9D45-9E9D57A8B7B0}"
EndProject
Project("{9A19103F-16F7-4668-BE54-9A1E7A4F7556}") = "ViewModelBase", "ViewModels\ViewModelBase\ViewModelBase.csproj", "{770CF899-3F0B-49FE-BAC8-364774B54C42}"
EndProject
Project("{9A19103F-16F7-4668-BE54-9A1E7A4F7556}") = "ViewModels", "ViewModels\ViewModels\ViewModels.csproj", "{603F279F-4FF7-4079-ABF7-36A90C6EB0B1}"
EndProject
Project("{9A19103F-16F7-4668-BE54-9A1E7A4F7556}") = "MainModelTests", "Models\MainModelTests\MainModelTests.csproj", "{CE84AEA5-2514-47A4-994A-448A7E4245CA}"
EndProject
Project("{9A19103F-16F7-4668-BE54-9A1E7A4F7556}") = "ParsersConsole", "Parsers\ParsersConsole\ParsersConsole.csproj", "{D067ABA4-7FDD-4DF7-B951-C69A0CA2BB18}"
EndProject
Project("{9A19103F-16F7-4668-BE54-9A1E7A4F7556}") = "WpfLibrary", "Shared\WpfLibrary\WpfLibrary.csproj", "{3449E74B-089E-42FD-9CF1-6B62ACDFAB57}"
EndProject
Project("{9A19103F-16F7-4668-BE54-9A1E7A4F7556}") = "MapControl.WPF", "Ivkina\Views\MapControl\WPF\MapControl.WPF.csproj", "{8EF11767-306F-4039-A1CD-872504A2F33A}"
EndProject
Project("{9A19103F-16F7-4668-BE54-9A1E7A4F7556}") = "MapUiTools.WPF", "Ivkina\Views\MapUiTools\WPF\MapUiTools.WPF.csproj", "{FF37144E-85FB-47DF-9BAA-DBF208BC98A8}"
EndProject
Project("{9A19103F-16F7-4668-BE54-9A1E7A4F7556}") = "WpfApplication", "Ivkina\Views\SampleApps\WpfApplication\WpfApplication.csproj", "{F6BD3078-8F8C-4EF7-9689-37DBDB23D71F}"
EndProject
Global
	GlobalSection(SolutionConfigurationPlatforms) = preSolution
		Debug|Any CPU = Debug|Any CPU
		Debug|ARM = Debug|ARM
		Debug|ARM64 = Debug|ARM64
		Debug|x64 = Debug|x64
		Debug|x86 = Debug|x86
		Release|Any CPU = Release|Any CPU
		Release|ARM = Release|ARM
		Release|ARM64 = Release|ARM64
		Release|x64 = Release|x64
		Release|x86 = Release|x86
	EndGlobalSection
	GlobalSection(ProjectConfigurationPlatforms) = postSolution
		{4DE94F1B-9223-4A05-9065-D85B6D2F9204}.Debug|Any CPU.ActiveCfg = Debug|Any CPU
		{4DE94F1B-9223-4A05-9065-D85B6D2F9204}.Debug|Any CPU.Build.0 = Debug|Any CPU
		{4DE94F1B-9223-4A05-9065-D85B6D2F9204}.Debug|ARM.ActiveCfg = Debug|Any CPU
		{4DE94F1B-9223-4A05-9065-D85B6D2F9204}.Debug|ARM.Build.0 = Debug|Any CPU
		{4DE94F1B-9223-4A05-9065-D85B6D2F9204}.Debug|ARM64.ActiveCfg = Debug|Any CPU
		{4DE94F1B-9223-4A05-9065-D85B6D2F9204}.Debug|ARM64.Build.0 = Debug|Any CPU
		{4DE94F1B-9223-4A05-9065-D85B6D2F9204}.Debug|x64.ActiveCfg = Debug|Any CPU
		{4DE94F1B-9223-4A05-9065-D85B6D2F9204}.Debug|x64.Build.0 = Debug|Any CPU
		{4DE94F1B-9223-4A05-9065-D85B6D2F9204}.Debug|x86.ActiveCfg = Debug|Any CPU
		{4DE94F1B-9223-4A05-9065-D85B6D2F9204}.Debug|x86.Build.0 = Debug|Any CPU
		{4DE94F1B-9223-4A05-9065-D85B6D2F9204}.Release|Any CPU.ActiveCfg = Release|Any CPU
		{4DE94F1B-9223-4A05-9065-D85B6D2F9204}.Release|Any CPU.Build.0 = Release|Any CPU
		{4DE94F1B-9223-4A05-9065-D85B6D2F9204}.Release|ARM.ActiveCfg = Release|Any CPU
		{4DE94F1B-9223-4A05-9065-D85B6D2F9204}.Release|ARM.Build.0 = Release|Any CPU
		{4DE94F1B-9223-4A05-9065-D85B6D2F9204}.Release|ARM64.ActiveCfg = Release|Any CPU
		{4DE94F1B-9223-4A05-9065-D85B6D2F9204}.Release|ARM64.Build.0 = Release|Any CPU
		{4DE94F1B-9223-4A05-9065-D85B6D2F9204}.Release|x64.ActiveCfg = Release|Any CPU
		{4DE94F1B-9223-4A05-9065-D85B6D2F9204}.Release|x64.Build.0 = Release|Any CPU
		{4DE94F1B-9223-4A05-9065-D85B6D2F9204}.Release|x86.ActiveCfg = Release|Any CPU
		{4DE94F1B-9223-4A05-9065-D85B6D2F9204}.Release|x86.Build.0 = Release|Any CPU
		{0ECE9D01-4436-4F6D-A1CE-8DA06777B490}.Debug|Any CPU.ActiveCfg = Debug|Any CPU
		{0ECE9D01-4436-4F6D-A1CE-8DA06777B490}.Debug|Any CPU.Build.0 = Debug|Any CPU
		{0ECE9D01-4436-4F6D-A1CE-8DA06777B490}.Debug|ARM.ActiveCfg = Debug|Any CPU
		{0ECE9D01-4436-4F6D-A1CE-8DA06777B490}.Debug|ARM.Build.0 = Debug|Any CPU
		{0ECE9D01-4436-4F6D-A1CE-8DA06777B490}.Debug|ARM64.ActiveCfg = Debug|Any CPU
		{0ECE9D01-4436-4F6D-A1CE-8DA06777B490}.Debug|ARM64.Build.0 = Debug|Any CPU
		{0ECE9D01-4436-4F6D-A1CE-8DA06777B490}.Debug|x64.ActiveCfg = Debug|Any CPU
		{0ECE9D01-4436-4F6D-A1CE-8DA06777B490}.Debug|x64.Build.0 = Debug|Any CPU
		{0ECE9D01-4436-4F6D-A1CE-8DA06777B490}.Debug|x86.ActiveCfg = Debug|Any CPU
		{0ECE9D01-4436-4F6D-A1CE-8DA06777B490}.Debug|x86.Build.0 = Debug|Any CPU
		{0ECE9D01-4436-4F6D-A1CE-8DA06777B490}.Release|Any CPU.ActiveCfg = Release|Any CPU
		{0ECE9D01-4436-4F6D-A1CE-8DA06777B490}.Release|Any CPU.Build.0 = Release|Any CPU
		{0ECE9D01-4436-4F6D-A1CE-8DA06777B490}.Release|ARM.ActiveCfg = Release|Any CPU
		{0ECE9D01-4436-4F6D-A1CE-8DA06777B490}.Release|ARM.Build.0 = Release|Any CPU
		{0ECE9D01-4436-4F6D-A1CE-8DA06777B490}.Release|ARM64.ActiveCfg = Release|Any CPU
		{0ECE9D01-4436-4F6D-A1CE-8DA06777B490}.Release|ARM64.Build.0 = Release|Any CPU
		{0ECE9D01-4436-4F6D-A1CE-8DA06777B490}.Release|x64.ActiveCfg = Release|Any CPU
		{0ECE9D01-4436-4F6D-A1CE-8DA06777B490}.Release|x64.Build.0 = Release|Any CPU
		{0ECE9D01-4436-4F6D-A1CE-8DA06777B490}.Release|x86.ActiveCfg = Release|Any CPU
		{0ECE9D01-4436-4F6D-A1CE-8DA06777B490}.Release|x86.Build.0 = Release|Any CPU
		{770CF899-3F0B-49FE-BAC8-364774B54C42}.Debug|Any CPU.ActiveCfg = Debug|Any CPU
		{770CF899-3F0B-49FE-BAC8-364774B54C42}.Debug|Any CPU.Build.0 = Debug|Any CPU
		{770CF899-3F0B-49FE-BAC8-364774B54C42}.Debug|ARM.ActiveCfg = Debug|Any CPU
		{770CF899-3F0B-49FE-BAC8-364774B54C42}.Debug|ARM.Build.0 = Debug|Any CPU
		{770CF899-3F0B-49FE-BAC8-364774B54C42}.Debug|ARM64.ActiveCfg = Debug|Any CPU
		{770CF899-3F0B-49FE-BAC8-364774B54C42}.Debug|ARM64.Build.0 = Debug|Any CPU
		{770CF899-3F0B-49FE-BAC8-364774B54C42}.Debug|x64.ActiveCfg = Debug|Any CPU
		{770CF899-3F0B-49FE-BAC8-364774B54C42}.Debug|x64.Build.0 = Debug|Any CPU
		{770CF899-3F0B-49FE-BAC8-364774B54C42}.Debug|x86.ActiveCfg = Debug|Any CPU
		{770CF899-3F0B-49FE-BAC8-364774B54C42}.Debug|x86.Build.0 = Debug|Any CPU
		{770CF899-3F0B-49FE-BAC8-364774B54C42}.Release|Any CPU.ActiveCfg = Release|Any CPU
		{770CF899-3F0B-49FE-BAC8-364774B54C42}.Release|Any CPU.Build.0 = Release|Any CPU
		{770CF899-3F0B-49FE-BAC8-364774B54C42}.Release|ARM.ActiveCfg = Release|Any CPU
		{770CF899-3F0B-49FE-BAC8-364774B54C42}.Release|ARM.Build.0 = Release|Any CPU
		{770CF899-3F0B-49FE-BAC8-364774B54C42}.Release|ARM64.ActiveCfg = Release|Any CPU
		{770CF899-3F0B-49FE-BAC8-364774B54C42}.Release|ARM64.Build.0 = Release|Any CPU
		{770CF899-3F0B-49FE-BAC8-364774B54C42}.Release|x64.ActiveCfg = Release|Any CPU
		{770CF899-3F0B-49FE-BAC8-364774B54C42}.Release|x64.Build.0 = Release|Any CPU
		{770CF899-3F0B-49FE-BAC8-364774B54C42}.Release|x86.ActiveCfg = Release|Any CPU
		{770CF899-3F0B-49FE-BAC8-364774B54C42}.Release|x86.Build.0 = Release|Any CPU
		{603F279F-4FF7-4079-ABF7-36A90C6EB0B1}.Debug|Any CPU.ActiveCfg = Debug|Any CPU
		{603F279F-4FF7-4079-ABF7-36A90C6EB0B1}.Debug|Any CPU.Build.0 = Debug|Any CPU
		{603F279F-4FF7-4079-ABF7-36A90C6EB0B1}.Debug|ARM.ActiveCfg = Debug|Any CPU
		{603F279F-4FF7-4079-ABF7-36A90C6EB0B1}.Debug|ARM.Build.0 = Debug|Any CPU
		{603F279F-4FF7-4079-ABF7-36A90C6EB0B1}.Debug|ARM64.ActiveCfg = Debug|Any CPU
		{603F279F-4FF7-4079-ABF7-36A90C6EB0B1}.Debug|ARM64.Build.0 = Debug|Any CPU
		{603F279F-4FF7-4079-ABF7-36A90C6EB0B1}.Debug|x64.ActiveCfg = Debug|Any CPU
		{603F279F-4FF7-4079-ABF7-36A90C6EB0B1}.Debug|x64.Build.0 = Debug|Any CPU
		{603F279F-4FF7-4079-ABF7-36A90C6EB0B1}.Debug|x86.ActiveCfg = Debug|Any CPU
		{603F279F-4FF7-4079-ABF7-36A90C6EB0B1}.Debug|x86.Build.0 = Debug|Any CPU
		{603F279F-4FF7-4079-ABF7-36A90C6EB0B1}.Release|Any CPU.ActiveCfg = Release|Any CPU
		{603F279F-4FF7-4079-ABF7-36A90C6EB0B1}.Release|Any CPU.Build.0 = Release|Any CPU
		{603F279F-4FF7-4079-ABF7-36A90C6EB0B1}.Release|ARM.ActiveCfg = Release|Any CPU
		{603F279F-4FF7-4079-ABF7-36A90C6EB0B1}.Release|ARM.Build.0 = Release|Any CPU
		{603F279F-4FF7-4079-ABF7-36A90C6EB0B1}.Release|ARM64.ActiveCfg = Release|Any CPU
		{603F279F-4FF7-4079-ABF7-36A90C6EB0B1}.Release|ARM64.Build.0 = Release|Any CPU
		{603F279F-4FF7-4079-ABF7-36A90C6EB0B1}.Release|x64.ActiveCfg = Release|Any CPU
		{603F279F-4FF7-4079-ABF7-36A90C6EB0B1}.Release|x64.Build.0 = Release|Any CPU
		{603F279F-4FF7-4079-ABF7-36A90C6EB0B1}.Release|x86.ActiveCfg = Release|Any CPU
		{603F279F-4FF7-4079-ABF7-36A90C6EB0B1}.Release|x86.Build.0 = Release|Any CPU
		{CE84AEA5-2514-47A4-994A-448A7E4245CA}.Debug|Any CPU.ActiveCfg = Debug|Any CPU
		{CE84AEA5-2514-47A4-994A-448A7E4245CA}.Debug|Any CPU.Build.0 = Debug|Any CPU
		{CE84AEA5-2514-47A4-994A-448A7E4245CA}.Debug|ARM.ActiveCfg = Debug|Any CPU
		{CE84AEA5-2514-47A4-994A-448A7E4245CA}.Debug|ARM.Build.0 = Debug|Any CPU
		{CE84AEA5-2514-47A4-994A-448A7E4245CA}.Debug|ARM64.ActiveCfg = Debug|Any CPU
		{CE84AEA5-2514-47A4-994A-448A7E4245CA}.Debug|ARM64.Build.0 = Debug|Any CPU
		{CE84AEA5-2514-47A4-994A-448A7E4245CA}.Debug|x64.ActiveCfg = Debug|Any CPU
		{CE84AEA5-2514-47A4-994A-448A7E4245CA}.Debug|x64.Build.0 = Debug|Any CPU
		{CE84AEA5-2514-47A4-994A-448A7E4245CA}.Debug|x86.ActiveCfg = Debug|Any CPU
		{CE84AEA5-2514-47A4-994A-448A7E4245CA}.Debug|x86.Build.0 = Debug|Any CPU
		{CE84AEA5-2514-47A4-994A-448A7E4245CA}.Release|Any CPU.ActiveCfg = Release|Any CPU
		{CE84AEA5-2514-47A4-994A-448A7E4245CA}.Release|Any CPU.Build.0 = Release|Any CPU
		{CE84AEA5-2514-47A4-994A-448A7E4245CA}.Release|ARM.ActiveCfg = Release|Any CPU
		{CE84AEA5-2514-47A4-994A-448A7E4245CA}.Release|ARM.Build.0 = Release|Any CPU
		{CE84AEA5-2514-47A4-994A-448A7E4245CA}.Release|ARM64.ActiveCfg = Release|Any CPU
		{CE84AEA5-2514-47A4-994A-448A7E4245CA}.Release|ARM64.Build.0 = Release|Any CPU
		{CE84AEA5-2514-47A4-994A-448A7E4245CA}.Release|x64.ActiveCfg = Release|Any CPU
		{CE84AEA5-2514-47A4-994A-448A7E4245CA}.Release|x64.Build.0 = Release|Any CPU
		{CE84AEA5-2514-47A4-994A-448A7E4245CA}.Release|x86.ActiveCfg = Release|Any CPU
		{CE84AEA5-2514-47A4-994A-448A7E4245CA}.Release|x86.Build.0 = Release|Any CPU
		{D067ABA4-7FDD-4DF7-B951-C69A0CA2BB18}.Debug|Any CPU.ActiveCfg = Debug|Any CPU
		{D067ABA4-7FDD-4DF7-B951-C69A0CA2BB18}.Debug|Any CPU.Build.0 = Debug|Any CPU
		{D067ABA4-7FDD-4DF7-B951-C69A0CA2BB18}.Debug|ARM.ActiveCfg = Debug|Any CPU
		{D067ABA4-7FDD-4DF7-B951-C69A0CA2BB18}.Debug|ARM.Build.0 = Debug|Any CPU
		{D067ABA4-7FDD-4DF7-B951-C69A0CA2BB18}.Debug|ARM64.ActiveCfg = Debug|Any CPU
		{D067ABA4-7FDD-4DF7-B951-C69A0CA2BB18}.Debug|ARM64.Build.0 = Debug|Any CPU
		{D067ABA4-7FDD-4DF7-B951-C69A0CA2BB18}.Debug|x64.ActiveCfg = Debug|Any CPU
		{D067ABA4-7FDD-4DF7-B951-C69A0CA2BB18}.Debug|x64.Build.0 = Debug|Any CPU
		{D067ABA4-7FDD-4DF7-B951-C69A0CA2BB18}.Debug|x86.ActiveCfg = Debug|Any CPU
		{D067ABA4-7FDD-4DF7-B951-C69A0CA2BB18}.Debug|x86.Build.0 = Debug|Any CPU
		{D067ABA4-7FDD-4DF7-B951-C69A0CA2BB18}.Release|Any CPU.ActiveCfg = Release|Any CPU
		{D067ABA4-7FDD-4DF7-B951-C69A0CA2BB18}.Release|Any CPU.Build.0 = Release|Any CPU
		{D067ABA4-7FDD-4DF7-B951-C69A0CA2BB18}.Release|ARM.ActiveCfg = Release|Any CPU
		{D067ABA4-7FDD-4DF7-B951-C69A0CA2BB18}.Release|ARM.Build.0 = Release|Any CPU
		{D067ABA4-7FDD-4DF7-B951-C69A0CA2BB18}.Release|ARM64.ActiveCfg = Release|Any CPU
		{D067ABA4-7FDD-4DF7-B951-C69A0CA2BB18}.Release|ARM64.Build.0 = Release|Any CPU
		{D067ABA4-7FDD-4DF7-B951-C69A0CA2BB18}.Release|x64.ActiveCfg = Release|Any CPU
		{D067ABA4-7FDD-4DF7-B951-C69A0CA2BB18}.Release|x64.Build.0 = Release|Any CPU
		{D067ABA4-7FDD-4DF7-B951-C69A0CA2BB18}.Release|x86.ActiveCfg = Release|Any CPU
		{D067ABA4-7FDD-4DF7-B951-C69A0CA2BB18}.Release|x86.Build.0 = Release|Any CPU
		{3449E74B-089E-42FD-9CF1-6B62ACDFAB57}.Debug|Any CPU.ActiveCfg = Debug|Any CPU
		{3449E74B-089E-42FD-9CF1-6B62ACDFAB57}.Debug|Any CPU.Build.0 = Debug|Any CPU
		{3449E74B-089E-42FD-9CF1-6B62ACDFAB57}.Debug|ARM.ActiveCfg = Debug|Any CPU
		{3449E74B-089E-42FD-9CF1-6B62ACDFAB57}.Debug|ARM.Build.0 = Debug|Any CPU
		{3449E74B-089E-42FD-9CF1-6B62ACDFAB57}.Debug|ARM64.ActiveCfg = Debug|Any CPU
		{3449E74B-089E-42FD-9CF1-6B62ACDFAB57}.Debug|ARM64.Build.0 = Debug|Any CPU
		{3449E74B-089E-42FD-9CF1-6B62ACDFAB57}.Debug|x64.ActiveCfg = Debug|Any CPU
		{3449E74B-089E-42FD-9CF1-6B62ACDFAB57}.Debug|x64.Build.0 = Debug|Any CPU
		{3449E74B-089E-42FD-9CF1-6B62ACDFAB57}.Debug|x86.ActiveCfg = Debug|Any CPU
		{3449E74B-089E-42FD-9CF1-6B62ACDFAB57}.Debug|x86.Build.0 = Debug|Any CPU
		{3449E74B-089E-42FD-9CF1-6B62ACDFAB57}.Release|Any CPU.ActiveCfg = Release|Any CPU
		{3449E74B-089E-42FD-9CF1-6B62ACDFAB57}.Release|Any CPU.Build.0 = Release|Any CPU
		{3449E74B-089E-42FD-9CF1-6B62ACDFAB57}.Release|ARM.ActiveCfg = Release|Any CPU
		{3449E74B-089E-42FD-9CF1-6B62ACDFAB57}.Release|ARM.Build.0 = Release|Any CPU
		{3449E74B-089E-42FD-9CF1-6B62ACDFAB57}.Release|ARM64.ActiveCfg = Release|Any CPU
		{3449E74B-089E-42FD-9CF1-6B62ACDFAB57}.Release|ARM64.Build.0 = Release|Any CPU
		{3449E74B-089E-42FD-9CF1-6B62ACDFAB57}.Release|x64.ActiveCfg = Release|Any CPU
		{3449E74B-089E-42FD-9CF1-6B62ACDFAB57}.Release|x64.Build.0 = Release|Any CPU
		{3449E74B-089E-42FD-9CF1-6B62ACDFAB57}.Release|x86.ActiveCfg = Release|Any CPU
		{3449E74B-089E-42FD-9CF1-6B62ACDFAB57}.Release|x86.Build.0 = Release|Any CPU
		{8EF11767-306F-4039-A1CD-872504A2F33A}.Debug|Any CPU.ActiveCfg = Debug|Any CPU
		{8EF11767-306F-4039-A1CD-872504A2F33A}.Debug|Any CPU.Build.0 = Debug|Any CPU
		{8EF11767-306F-4039-A1CD-872504A2F33A}.Debug|ARM.ActiveCfg = Debug|Any CPU
		{8EF11767-306F-4039-A1CD-872504A2F33A}.Debug|ARM.Build.0 = Debug|Any CPU
		{8EF11767-306F-4039-A1CD-872504A2F33A}.Debug|ARM64.ActiveCfg = Debug|Any CPU
		{8EF11767-306F-4039-A1CD-872504A2F33A}.Debug|ARM64.Build.0 = Debug|Any CPU
		{8EF11767-306F-4039-A1CD-872504A2F33A}.Debug|x64.ActiveCfg = Debug|Any CPU
		{8EF11767-306F-4039-A1CD-872504A2F33A}.Debug|x64.Build.0 = Debug|Any CPU
		{8EF11767-306F-4039-A1CD-872504A2F33A}.Debug|x86.ActiveCfg = Debug|Any CPU
		{8EF11767-306F-4039-A1CD-872504A2F33A}.Debug|x86.Build.0 = Debug|Any CPU
		{8EF11767-306F-4039-A1CD-872504A2F33A}.Release|Any CPU.ActiveCfg = Release|Any CPU
		{8EF11767-306F-4039-A1CD-872504A2F33A}.Release|Any CPU.Build.0 = Release|Any CPU
		{8EF11767-306F-4039-A1CD-872504A2F33A}.Release|ARM.ActiveCfg = Release|Any CPU
		{8EF11767-306F-4039-A1CD-872504A2F33A}.Release|ARM.Build.0 = Release|Any CPU
		{8EF11767-306F-4039-A1CD-872504A2F33A}.Release|ARM64.ActiveCfg = Release|Any CPU
		{8EF11767-306F-4039-A1CD-872504A2F33A}.Release|ARM64.Build.0 = Release|Any CPU
		{8EF11767-306F-4039-A1CD-872504A2F33A}.Release|x64.ActiveCfg = Release|Any CPU
		{8EF11767-306F-4039-A1CD-872504A2F33A}.Release|x64.Build.0 = Release|Any CPU
		{8EF11767-306F-4039-A1CD-872504A2F33A}.Release|x86.ActiveCfg = Release|Any CPU
		{8EF11767-306F-4039-A1CD-872504A2F33A}.Release|x86.Build.0 = Release|Any CPU
		{FF37144E-85FB-47DF-9BAA-DBF208BC98A8}.Debug|Any CPU.ActiveCfg = Debug|Any CPU
		{FF37144E-85FB-47DF-9BAA-DBF208BC98A8}.Debug|Any CPU.Build.0 = Debug|Any CPU
		{FF37144E-85FB-47DF-9BAA-DBF208BC98A8}.Debug|ARM.ActiveCfg = Debug|Any CPU
		{FF37144E-85FB-47DF-9BAA-DBF208BC98A8}.Debug|ARM.Build.0 = Debug|Any CPU
		{FF37144E-85FB-47DF-9BAA-DBF208BC98A8}.Debug|ARM64.ActiveCfg = Debug|Any CPU
		{FF37144E-85FB-47DF-9BAA-DBF208BC98A8}.Debug|ARM64.Build.0 = Debug|Any CPU
		{FF37144E-85FB-47DF-9BAA-DBF208BC98A8}.Debug|x64.ActiveCfg = Debug|Any CPU
		{FF37144E-85FB-47DF-9BAA-DBF208BC98A8}.Debug|x64.Build.0 = Debug|Any CPU
		{FF37144E-85FB-47DF-9BAA-DBF208BC98A8}.Debug|x86.ActiveCfg = Debug|Any CPU
		{FF37144E-85FB-47DF-9BAA-DBF208BC98A8}.Debug|x86.Build.0 = Debug|Any CPU
		{FF37144E-85FB-47DF-9BAA-DBF208BC98A8}.Release|Any CPU.ActiveCfg = Release|Any CPU
		{FF37144E-85FB-47DF-9BAA-DBF208BC98A8}.Release|Any CPU.Build.0 = Release|Any CPU
		{FF37144E-85FB-47DF-9BAA-DBF208BC98A8}.Release|ARM.ActiveCfg = Release|Any CPU
		{FF37144E-85FB-47DF-9BAA-DBF208BC98A8}.Release|ARM.Build.0 = Release|Any CPU
		{FF37144E-85FB-47DF-9BAA-DBF208BC98A8}.Release|ARM64.ActiveCfg = Release|Any CPU
		{FF37144E-85FB-47DF-9BAA-DBF208BC98A8}.Release|ARM64.Build.0 = Release|Any CPU
		{FF37144E-85FB-47DF-9BAA-DBF208BC98A8}.Release|x64.ActiveCfg = Release|Any CPU
		{FF37144E-85FB-47DF-9BAA-DBF208BC98A8}.Release|x64.Build.0 = Release|Any CPU
		{FF37144E-85FB-47DF-9BAA-DBF208BC98A8}.Release|x86.ActiveCfg = Release|Any CPU
		{FF37144E-85FB-47DF-9BAA-DBF208BC98A8}.Release|x86.Build.0 = Release|Any CPU
		{F6BD3078-8F8C-4EF7-9689-37DBDB23D71F}.Debug|Any CPU.ActiveCfg = Debug|Any CPU
		{F6BD3078-8F8C-4EF7-9689-37DBDB23D71F}.Debug|Any CPU.Build.0 = Debug|Any CPU
		{F6BD3078-8F8C-4EF7-9689-37DBDB23D71F}.Debug|ARM.ActiveCfg = Debug|Any CPU
		{F6BD3078-8F8C-4EF7-9689-37DBDB23D71F}.Debug|ARM.Build.0 = Debug|Any CPU
		{F6BD3078-8F8C-4EF7-9689-37DBDB23D71F}.Debug|ARM64.ActiveCfg = Debug|Any CPU
		{F6BD3078-8F8C-4EF7-9689-37DBDB23D71F}.Debug|ARM64.Build.0 = Debug|Any CPU
		{F6BD3078-8F8C-4EF7-9689-37DBDB23D71F}.Debug|x64.ActiveCfg = Debug|Any CPU
		{F6BD3078-8F8C-4EF7-9689-37DBDB23D71F}.Debug|x64.Build.0 = Debug|Any CPU
		{F6BD3078-8F8C-4EF7-9689-37DBDB23D71F}.Debug|x86.ActiveCfg = Debug|Any CPU
		{F6BD3078-8F8C-4EF7-9689-37DBDB23D71F}.Debug|x86.Build.0 = Debug|Any CPU
		{F6BD3078-8F8C-4EF7-9689-37DBDB23D71F}.Release|Any CPU.ActiveCfg = Release|Any CPU
		{F6BD3078-8F8C-4EF7-9689-37DBDB23D71F}.Release|Any CPU.Build.0 = Release|Any CPU
		{F6BD3078-8F8C-4EF7-9689-37DBDB23D71F}.Release|ARM.ActiveCfg = Release|Any CPU
		{F6BD3078-8F8C-4EF7-9689-37DBDB23D71F}.Release|ARM.Build.0 = Release|Any CPU
		{F6BD3078-8F8C-4EF7-9689-37DBDB23D71F}.Release|ARM64.ActiveCfg = Release|Any CPU
		{F6BD3078-8F8C-4EF7-9689-37DBDB23D71F}.Release|ARM64.Build.0 = Release|Any CPU
		{F6BD3078-8F8C-4EF7-9689-37DBDB23D71F}.Release|x64.ActiveCfg = Release|Any CPU
		{F6BD3078-8F8C-4EF7-9689-37DBDB23D71F}.Release|x64.Build.0 = Release|Any CPU
		{F6BD3078-8F8C-4EF7-9689-37DBDB23D71F}.Release|x86.ActiveCfg = Release|Any CPU
		{F6BD3078-8F8C-4EF7-9689-37DBDB23D71F}.Release|x86.Build.0 = Release|Any CPU
	EndGlobalSection
	GlobalSection(SolutionProperties) = preSolution
		HideSolutionNode = FALSE
	EndGlobalSection
	GlobalSection(NestedProjects) = preSolution
		{0ECE9D01-4436-4F6D-A1CE-8DA06777B490} = {926E6CB8-2052-4D28-9D45-9E9D57A8B7B0}
		{8EF11767-306F-4039-A1CD-872504A2F33A} = {926E6CB8-2052-4D28-9D45-9E9D57A8B7B0}
		{FF37144E-85FB-47DF-9BAA-DBF208BC98A8} = {926E6CB8-2052-4D28-9D45-9E9D57A8B7B0}
		{F6BD3078-8F8C-4EF7-9689-37DBDB23D71F} = {926E6CB8-2052-4D28-9D45-9E9D57A8B7B0}
	EndGlobalSection
	GlobalSection(ExtensibilityGlobals) = postSolution
		SolutionGuid = {8102318B-5854-4CA3-90C6-86762C9FF00D}
	EndGlobalSection
EndGlobal
